{
  "name": "campuseats-api",
  "lockfileVersion": 3,
  "requires": true,
  "packages": {
    "": {
      "dependencies": {
        "@ionic/angular": "^9.0.1"
      }
    },
    "node_modules/@angular/common": {
      "version": "22.1.4",
      "resolved": "https://registry.npmjs.org/@angular/common/-/common-22.1.4.tgz",
      "integrity": "sha512-UtWCloA/d0I5twV9Lu/Fcc7T6uQb40f/k0Hj5HLohIsiLTyvXVxWINBfa7LWWLtcq/0UOIY/yCs9Zq9Sj4dWqA==",
      "license": "MIT",
      "peer": true,
      "dependencies": {
        "tslib": "^2.3.0"
      },
      "engines": {
        "node": "^22.22.3 || ^24.15.0 || >=26.0.0"
      },
      "peerDependencies": {
        "@angular/core": "22.1.4",
        "rxjs": "^6.5.3 || ^7.4.0"
      }
    },
    "node_modules/@angular/core": {
      "version": "22.1.4",
      "resolved": "https://registry.npmjs.org/@angular/core/-/core-22.1.4.tgz",
      "integrity": "sha512-0dW+lw8nHo6RGBUOXtjs02vjHIPJ8rEbw4fd0NH3Dii4p+gIB4ZaTw+o7Se3Nf4m1oZ8+2qAYmWVHXlfhKcCDg==",
      "license": "MIT",
      "peer": true,
      "dependencies": {
        "tslib": "^2.3.0"
      },
      "engines": {
        "node": "^22.22.3 || ^24.15.0 || >=26.0.0"
      },
      "peerDependencies": {
        "@angular/compiler": "22.1.4",
        "rxjs": "^6.5.3 || ^7.4.0",
        "zone.js": "~0.15.0 || ~0.16.0"
      },
      "peerDependenciesMeta": {
        "@angular/compiler": {
          "optional": true
        },
        "zone.js": {
          "optional": true
        }
      }
    },
    "node_modules/@angular/forms": {
      "version": "22.1.4",
      "resolved": "https://registry.npmjs.org/@angular/forms/-/forms-22.1.4.tgz",
      "integrity": "sha512-w8ZXe4oURrb/DS5zAFrR4AmGXC84sdLeOKXRM76ndRRgSCzyRLEe4wDU1KHnDejNVIGvoSZYJJjOajG1lpj8TA==",
      "license": "MIT",
      "peer": true,
      "dependencies": {
        "@standard-schema/spec": "^1.0.0",
        "tslib": "^2.3.0",
        "zod": "^4.0.10"
      },
      "engines": {
        "node": "^22.22.3 || ^24.15.0 || >=26.0.0"
      },
      "peerDependencies": {
        "@angular/common": "22.1.4",
        "@angular/core": "22.1.4",
        "@angular/platform-browser": "22.1.4",
        "rxjs": "^6.5.3 || ^7.4.0"
      }
    },
    "node_modules/@angular/platform-browser": {
      "version": "22.1.4",
      "resolved": "https://registry.npmjs.org/@angular/platform-browser/-/platform-browser-22.1.4.tgz",
      "integrity": "sha512-zhEWnRShG6GjnEvCVROD68XfnrV6+HJ9bPjwZx4LsAz7spX823Nhiml8Uqpvijsa1w7UdWLU7nK/magr9IEMOQ==",
      "license": "MIT",
      "peer": true,
      "dependencies": {
        "tslib": "^2.3.0"
      },
      "engines": {
        "node": "^22.22.3 || ^24.15.0 || >=26.0.0"
      },
      "peerDependencies": {
        "@angular/animations": "22.1.4",
        "@angular/common": "22.1.4",
        "@angular/core": "22.1.4"
      },
      "peerDependenciesMeta": {
        "@angular/animations": {
          "optional": true
        }
      }
    },
    "node_modules/@angular/router": {
      "version": "22.1.4",
      "resolved": "https://registry.npmjs.org/@angular/router/-/router-22.1.4.tgz",
      "integrity": "sha512-vCwJLRnFBSRH5LxSF8OXKBhdmJ526hVGb/5sfeLTQW/oWCdcfXb2RvHfB077m5cdqKX9sBwFVlkJ8Z8kgx/pLQ==",
      "license": "MIT",
      "peer": true,
      "dependencies": {
        "tslib": "^2.3.0"
      },
      "engines": {
        "node": "^22.22.3 || ^24.15.0 || >=26.0.0"
      },
      "peerDependencies": {
        "@angular/common": "22.1.4",
        "@angular/core": "22.1.4",
        "@angular/platform-browser": "22.1.4",
        "rxjs": "^6.5.3 || ^7.4.0"
      }
    },
    "node_modules/@ionic/angular": {
      "version": "9.0.1",
      "resolved": "https://registry.npmjs.org/@ionic/angular/-/angular-9.0.1.tgz",
      "integrity": "sha512-q6HQdwIb5/uqZewVoBhRfz07Y9tR/cswWCY5Viy0BV5mUoLfOciAbeWqDaAK5YDc3QGZ2UH1bztsbj/VlpmOoQ==",
      "license": "MIT",
      "dependencies": {
        "@ionic/core": "9.0.1",
        "ionicons": "^8.0.13",
        "jsonc-parser": "^3.0.0",
        "tslib": "^2.3.0"
      },
      "peerDependencies": {
        "@angular/core": ">=18.0.0",
        "@angular/forms": ">=18.0.0",
        "@angular/router": ">=18.0.0",
        "rxjs": ">=7.5.0",
        "zone.js": ">=0.13.0"
      },
      "peerDependenciesMeta": {
        "zone.js": {
          "optional": true
        }
      }
    },
    "node_modules/@ionic/core": {
      "version": "9.0.1",
      "resolved": "https://registry.npmjs.org/@ionic/core/-/core-9.0.1.tgz",
      "integrity": "sha512-70fIYFxGuBFYOanWIl1PF3/emB+xVQjLQ9OZqgI+9ki8nEZH1y90YkTtAmleLl2jTx6TUpSaJpdUnzkBreIt7w==",
      "license": "MIT",
      "dependencies": {
        "@stencil/core": "^4.44.2",
        "ionicons": "^8.1.0",
        "tslib": "^2.1.0"
      },
      "engines": {
        "node": ">= 16"
      }
    },
    "node_modules/@rollup/rollup-darwin-arm64": {
      "version": "4.44.0",
      "resolved": "https://registry.npmjs.org/@rollup/rollup-darwin-arm64/-/rollup-darwin-arm64-4.44.0.tgz",
      "integrity": "sha512-VGF3wy0Eq1gcEIkSCr8Ke03CWT+Pm2yveKLaDvq51pPpZza3JX/ClxXOCmTYYq3us5MvEuNRTaeyFThCKRQhOA==",
      "cpu": [
        "arm64"
      ],
      "license": "MIT",
      "optional": true,
      "os": [
        "darwin"
      ]
    },
    "node_modules/@rollup/rollup-darwin-x64": {
      "version": "4.44.0",
      "resolved": "https://registry.npmjs.org/@rollup/rollup-darwin-x64/-/rollup-darwin-x64-4.44.0.tgz",
      "integrity": "sha512-fBkyrDhwquRvrTxSGH/qqt3/T0w5Rg0L7ZIDypvBPc1/gzjJle6acCpZ36blwuwcKD/u6oCE/sRWlUAcxLWQbQ==",
      "cpu": [
        "x64"
      ],
      "license": "MIT",
      "optional": true,
      "os": [
        "darwin"
      ]
    },
    "node_modules/@rollup/rollup-linux-arm64-gnu": {
      "version": "4.44.0",
      "resolved": "https://registry.npmjs.org/@rollup/rollup-linux-arm64-gnu/-/rollup-linux-arm64-gnu-4.44.0.tgz",
      "integrity": "sha512-ZTR2mxBHb4tK4wGf9b8SYg0Y6KQPjGpR4UWwTFdnmjB4qRtoATZ5dWn3KsDwGa5Z2ZBOE7K52L36J9LueKBdOQ==",
      "cpu": [
        "arm64"
      ],
      "libc": [
        "glibc"
      ],
      "license": "MIT",
      "optional": true,
      "os": [
        "linux"
      ]
    },
    "node_modules/@rollup/rollup-linux-arm64-musl": {
      "version": "4.44.0",
      "resolved": "https://registry.npmjs.org/@rollup/rollup-linux-arm64-musl/-/rollup-linux-arm64-musl-4.44.0.tgz",
      "integrity": "sha512-GFWfAhVhWGd4r6UxmnKRTBwP1qmModHtd5gkraeW2G490BpFOZkFtem8yuX2NyafIP/mGpRJgTJ2PwohQkUY/Q==",
      "cpu": [
        "arm64"
      ],
      "libc": [
        "musl"
      ],
      "license": "MIT",
      "optional": true,
      "os": [
        "linux"
      ]
    },
    "node_modules/@rollup/rollup-linux-x64-gnu": {
      "version": "4.44.0",
      "resolved": "https://registry.npmjs.org/@rollup/rollup-linux-x64-gnu/-/rollup-linux-x64-gnu-4.44.0.tgz",
      "integrity": "sha512-iUVJc3c0o8l9Sa/qlDL2Z9UP92UZZW1+EmQ4xfjTc1akr0iUFZNfxrXJ/R1T90h/ILm9iXEY6+iPrmYB3pXKjw==",
      "cpu": [
        "x64"
      ],
      "libc": [
        "glibc"
      ],
      "license": "MIT",
      "optional": true,
      "os": [
        "linux"
      ]
    },
    "node_modules/@rollup/rollup-linux-x64-musl": {
      "version": "4.44.0",
      "resolved": "https://registry.npmjs.org/@rollup/rollup-linux-x64-musl/-/rollup-linux-x64-musl-4.44.0.tgz",
      "integrity": "sha512-PQUobbhLTQT5yz/SPg116VJBgz+XOtXt8D1ck+sfJJhuEsMj2jSej5yTdp8CvWBSceu+WW+ibVL6dm0ptG5fcA==",
      "cpu": [
        "x64"
      ],
      "libc": [
        "musl"
      ],
      "license": "MIT",
      "optional": true,
      "os": [
        "linux"
      ]
    },
    "node_modules/@rollup/rollup-win32-arm64-msvc": {
      "version": "4.44.0",
      "resolved": "https://registry.npmjs.org/@rollup/rollup-win32-arm64-msvc/-/rollup-win32-arm64-msvc-4.44.0.tgz",
      "integrity": "sha512-M0CpcHf8TWn+4oTxJfh7LQuTuaYeXGbk0eageVjQCKzYLsajWS/lFC94qlRqOlyC2KvRT90ZrfXULYmukeIy7w==",
      "cpu": [
        "arm64"
      ],
      "license": "MIT",
      "optional": true,
      "os": [
        "win32"
      ]
    },
    "node_modules/@rollup/rollup-win32-x64-msvc": {
      "version": "4.44.0",
      "resolved": "https://registry.npmjs.org/@rollup/rollup-win32-x64-msvc/-/rollup-win32-x64-msvc-4.44.0.tgz",
      "integrity": "sha512-Q2Mgwt+D8hd5FIPUuPDsvPR7Bguza6yTkJxspDGkZj7tBRn2y4KSWYuIXpftFSjBra76TbKerCV7rgFPQrn+wQ==",
      "cpu": [
        "x64"
      ],
      "license": "MIT",
      "optional": true,
      "os": [
        "win32"
      ]
    },
    "node_modules/@standard-schema/spec": {
      "version": "1.1.0",
      "resolved": "https://registry.npmjs.org/@standard-schema/spec/-/spec-1.1.0.tgz",
      "integrity": "sha512-l2aFy5jALhniG5HgqrD6jXLi/rUWrKvqN/qJx6yoJsgKhblVd+iqqU4RCXavm/jPityDo5TCvKMnpjKnOriy0w==",
      "license": "MIT",
      "peer": true
    },
    "node_modules/@stencil/core": {
      "version": "4.44.2",
      "resolved": "https://registry.npmjs.org/@stencil/core/-/core-4.44.2.tgz",
      "integrity": "sha512-TNaYdlyHfy8UF7glvZwaY6pM0AhgCOXuW5Kx3+AO+ITeaipCHWXi5tkZ6P/3HCL+hUySc60lPKSnZ4xdYIFb4g==",
      "license": "MIT",
      "bin": {
        "stencil": "bin/stencil"
      },
      "engines": {
        "node": ">=16.0.0",
        "npm": ">=7.10.0"
      },
      "optionalDependencies": {
        "@rollup/rollup-darwin-arm64": "4.44.0",
        "@rollup/rollup-darwin-x64": "4.44.0",
        "@rollup/rollup-linux-arm64-gnu": "4.44.0",
        "@rollup/rollup-linux-arm64-musl": "4.44.0",
        "@rollup/rollup-linux-x64-gnu": "4.44.0",
        "@rollup/rollup-linux-x64-musl": "4.44.0",
        "@rollup/rollup-win32-arm64-msvc": "4.44.0",
        "@rollup/rollup-win32-x64-msvc": "4.44.0"
      }
    },
    "node_modules/ionicons": {
      "version": "8.1.0",
      "resolved": "https://registry.npmjs.org/ionicons/-/ionicons-8.1.0.tgz",
      "integrity": "sha512-XSM2gYWTXxSYTwjmKWAoy4yR7AbAFDjpc5ZIivAiGXskM0fe5CdMPfs6InQRUcrYtVb2WZ/0HQ1/jeh3JW78SA==",
      "license": "MIT",
      "dependencies": {
        "@stencil/core": "^4.43.5"
      }
    },
    "node_modules/jsonc-parser": {
      "version": "3.3.1",
      "resolved": "https://registry.npmjs.org/jsonc-parser/-/jsonc-parser-3.3.1.tgz",
      "integrity": "sha512-HUgH65KyejrUFPvHFPbqOY0rsFip3Bo5wb4ngvdi1EpCYWUQDC5V+Y7mZws+DLkr4M//zQJoanu1SP+87Dv1oQ==",
      "license": "MIT"
    },
    "node_modules/rxjs": {
      "version": "7.8.2",
      "resolved": "https://registry.npmjs.org/rxjs/-/rxjs-7.8.2.tgz",
      "integrity": "sha512-dhKf903U/PQZY6boNNtAGdWbG85WAbjT/1xYoZIC7FAY0yWapOBQVsVrDl58W86//e1VpMNBtRV4MaXfdMySFA==",
      "license": "Apache-2.0",
      "peer": true,
      "dependencies": {
        "tslib": "^2.1.0"
      }
    },
    "node_modules/tslib": {
      "version": "2.8.1",
      "resolved": "https://registry.npmjs.org/tslib/-/tslib-2.8.1.tgz",
      "integrity": "sha512-oJFu94HQb+KVduSUQL7wnpmqnfmLsOA/nAh6b6EH0wCEoK0/mPeXU6c3wKDV83MkOuHPRHtSXKKU99IBazS/2w==",
      "license": "0BSD"
    },
    "node_modules/zod": {
      "version": "4.5.2",
      "resolved": "https://registry.npmjs.org/zod/-/zod-4.5.2.tgz",
      "integrity": "sha512-XkYXCol10+ba/6F/cueWV+TezUeOqXW0hdeJt5CdXjTYeAgAQg5N03RQdJ80mhfFE72+pblvYMW4wy2Qp4Qbrg==",
      "license": "MIT",
      "peer": true,
      "funding": {
        "url": "https://github.com/sponsors/colinhacks"
      }
    }
  }
}
